# This file is automatically @generated by Cargo.
# It is not intended for manual editing.
version = 3

[[package]]
name = "agent-cli"
version = "0.0.0"

[[package]]
name = "agent-core"
version = "0.0.0"

[[package]]
name = "agent-daemon"
version = "0.0.0"

[[package]]
name = "agent-mcp"
version = "0.0.0"
